
Microsoft Visual Studio Solution File, Format Version 12.00
# Visual Studio Version 17
VisualStudioVersion = 17.4.33213.308
MinimumVisualStudioVersion = 10.0.40219.1
Project("{FAE04EC0-301F-11D3-BF4B-00C04F79EFBC}") = "ExpenseTracker", "ExpenseTracker\ExpenseTracker.csproj", "{753D35AB-5B5F-418B-ABC6-F574EE879880}"
EndProject
Project("{FAE04EC0-301F-11D3-BF4B-00C04F79EFBC}") = "ExpenseTracker.Business", "ExpenseTracker.Business\ExpenseTracker.Business.csproj", "{2E3D539F-B596-4320-887C-69A1DF1B4756}"
EndProject
Project("{FAE04EC0-301F-11D3-BF4B-00C04F79EFBC}") = "ExpenseTracker.Repository", "ExpenseTracker.Repository\ExpenseTracker.Repository.csproj", "{410B355A-C2C4-41F0-902B-66053D5414B3}"
EndProject
Project("{FAE04EC0-301F-11D3-BF4B-00C04F79EFBC}") = "ExpenseTracker.Model", "ExpenseTracker.Model\ExpenseTracker.Model.csproj", "{DD829F6B-BF82-490F-83FF-F167A71D8525}"
EndProject
Global
	GlobalSection(SolutionConfigurationPlatforms) = preSolution
		Debug|Any CPU = Debug|Any CPU
		Release|Any CPU = Release|Any CPU
	EndGlobalSection
	GlobalSection(ProjectConfigurationPlatforms) = postSolution
		{753D35AB-5B5F-418B-ABC6-F574EE879880}.Debug|Any CPU.ActiveCfg = Debug|Any CPU
		{753D35AB-5B5F-418B-ABC6-F574EE879880}.Debug|Any CPU.Build.0 = Debug|Any CPU
		{753D35AB-5B5F-418B-ABC6-F574EE879880}.Release|Any CPU.ActiveCfg = Release|Any CPU
		{753D35AB-5B5F-418B-ABC6-F574EE879880}.Release|Any CPU.Build.0 = Release|Any CPU
		{2E3D539F-B596-4320-887C-69A1DF1B4756}.Debug|Any CPU.ActiveCfg = Debug|Any CPU
		{2E3D539F-B596-4320-887C-69A1DF1B4756}.Debug|Any CPU.Build.0 = Debug|Any CPU
		{2E3D539F-B596-4320-887C-69A1DF1B4756}.Release|Any CPU.ActiveCfg = Release|Any CPU
		{2E3D539F-B596-4320-887C-69A1DF1B4756}.Release|Any CPU.Build.0 = Release|Any CPU
		{410B355A-C2C4-41F0-902B-66053D5414B3}.Debug|Any CPU.ActiveCfg = Debug|Any CPU
		{410B355A-C2C4-41F0-902B-66053D5414B3}.Debug|Any CPU.Build.0 = Debug|Any CPU
		{410B355A-C2C4-41F0-902B-66053D5414B3}.Release|Any CPU.ActiveCfg = Release|Any CPU
		{410B355A-C2C4-41F0-902B-66053D5414B3}.Release|Any CPU.Build.0 = Release|Any CPU
		{DD829F6B-BF82-490F-83FF-F167A71D8525}.Debug|Any CPU.ActiveCfg = Debug|Any CPU
		{DD829F6B-BF82-490F-83FF-F167A71D8525}.Debug|Any CPU.Build.0 = Debug|Any CPU
		{DD829F6B-BF82-490F-83FF-F167A71D8525}.Release|Any CPU.ActiveCfg = Release|Any CPU
		{DD829F6B-BF82-490F-83FF-F167A71D8525}.Release|Any CPU.Build.0 = Release|Any CPU
	EndGlobalSection
	GlobalSection(SolutionProperties) = preSolution
		HideSolutionNode = FALSE
	EndGlobalSection
	GlobalSection(ExtensibilityGlobals) = postSolution
		SolutionGuid = {1951B585-3A04-4A7C-829D-1283E698C85E}
	EndGlobalSection
EndGlobal
